
Microsoft Visual Studio Solution File, Format Version 12.00
# Visual Studio 14
VisualStudioVersion = 14.0.25420.1
MinimumVisualStudioVersion = 10.0.40219.1
Project("{FAE04EC0-301F-11D3-BF4B-00C04F79EFBC}") = "GDHOTE.Hub.Core", "GDHOTE.Hub.Core\GDHOTE.Hub.Core.csproj", "{7889078C-DC5C-4AED-8C98-A31B14A19BE6}"
EndProject
Project("{FAE04EC0-301F-11D3-BF4B-00C04F79EFBC}") = "GDHOTE.Hub.WebApi", "GDHOTE.Hub.WebApi\GDHOTE.Hub.WebApi.csproj", "{8AAFD060-6383-4D99-B593-1D21D5CADB8E}"
EndProject
Project("{FAE04EC0-301F-11D3-BF4B-00C04F79EFBC}") = "GDHOTE.Hub.Mvc", "GDHOTE.Hub.Mvc\GDHOTE.Hub.Mvc.csproj", "{D1A04E17-20B5-434B-A176-6A78C9DF4E42}"
EndProject
Global
	GlobalSection(SolutionConfigurationPlatforms) = preSolution
		Debug|Any CPU = Debug|Any CPU
		Release|Any CPU = Release|Any CPU
	EndGlobalSection
	GlobalSection(ProjectConfigurationPlatforms) = postSolution
		{7889078C-DC5C-4AED-8C98-A31B14A19BE6}.Debug|Any CPU.ActiveCfg = Debug|Any CPU
		{7889078C-DC5C-4AED-8C98-A31B14A19BE6}.Debug|Any CPU.Build.0 = Debug|Any CPU
		{7889078C-DC5C-4AED-8C98-A31B14A19BE6}.Release|Any CPU.ActiveCfg = Release|Any CPU
		{7889078C-DC5C-4AED-8C98-A31B14A19BE6}.Release|Any CPU.Build.0 = Release|Any CPU
		{8AAFD060-6383-4D99-B593-1D21D5CADB8E}.Debug|Any CPU.ActiveCfg = Debug|Any CPU
		{8AAFD060-6383-4D99-B593-1D21D5CADB8E}.Debug|Any CPU.Build.0 = Debug|Any CPU
		{8AAFD060-6383-4D99-B593-1D21D5CADB8E}.Release|Any CPU.ActiveCfg = Release|Any CPU
		{8AAFD060-6383-4D99-B593-1D21D5CADB8E}.Release|Any CPU.Build.0 = Release|Any CPU
		{D1A04E17-20B5-434B-A176-6A78C9DF4E42}.Debug|Any CPU.ActiveCfg = Debug|Any CPU
		{D1A04E17-20B5-434B-A176-6A78C9DF4E42}.Debug|Any CPU.Build.0 = Debug|Any CPU
		{D1A04E17-20B5-434B-A176-6A78C9DF4E42}.Release|Any CPU.ActiveCfg = Release|Any CPU
		{D1A04E17-20B5-434B-A176-6A78C9DF4E42}.Release|Any CPU.Build.0 = Release|Any CPU
	EndGlobalSection
	GlobalSection(SolutionProperties) = preSolution
		HideSolutionNode = FALSE
	EndGlobalSection
EndGlobal
