
Microsoft Visual Studio Solution File, Format Version 12.00
# Visual Studio 15
VisualStudioVersion = 15.0.27130.2010
MinimumVisualStudioVersion = 10.0.40219.1
Project("{FAE04EC0-301F-11D3-BF4B-00C04F79EFBC}") = "GDHOTE.Hub.Mvc", "GDHOTE.Hub.Mvc\GDHOTE.Hub.Mvc.csproj", "{D1A04E17-20B5-434B-A176-6A78C9DF4E42}"
	ProjectSection(ProjectDependencies) = postProject
		{08BE01D7-211E-4C68-8636-8B4672338B50} = {08BE01D7-211E-4C68-8636-8B4672338B50}
	EndProjectSection
EndProject
Project("{9A19103F-16F7-4668-BE54-9A1E7A4F7556}") = "GDHOTE.Hub.BusinessCore", "GDHOTE.Hub.BusinessCore\GDHOTE.Hub.BusinessCore.csproj", "{EA856649-4FF0-4482-8F10-619E6E28402B}"
EndProject
Project("{9A19103F-16F7-4668-BE54-9A1E7A4F7556}") = "GDHOTE.Hub.CoreObject", "GDHOTE.Hub.CoreObject\GDHOTE.Hub.CoreObject.csproj", "{FB6352C1-30EC-4CC5-AAA4-6DCAFFCD6AA3}"
EndProject
Project("{9A19103F-16F7-4668-BE54-9A1E7A4F7556}") = "GDHOTE.Hub.PortalCore", "GDHOTE.Hub.PortalCore\GDHOTE.Hub.PortalCore.csproj", "{D3E1AE68-832F-42C5-BB57-6D0853FDC397}"
EndProject
Project("{FAE04EC0-301F-11D3-BF4B-00C04F79EFBC}") = "GDHOTE.Hub.WebApi", "GDHOTE.Hub.WebApi\GDHOTE.Hub.WebApi.csproj", "{08BE01D7-211E-4C68-8636-8B4672338B50}"
EndProject
Project("{FAE04EC0-301F-11D3-BF4B-00C04F79EFBC}") = "GDHOTE.Hub.WindowsService", "GDHOTE.Hub.WindowsService\GDHOTE.Hub.WindowsService.csproj", "{423294B0-35DD-4480-96B4-E297580F60F4}"
EndProject
Project("{FAE04EC0-301F-11D3-BF4B-00C04F79EFBC}") = "GDHOTEWindowsForm", "GDHOTEindowsForm\GDHOTEWindowsForm.csproj", "{2BC01CC6-CC4A-4B15-8473-1D26DE4DEB37}"
EndProject
Project("{9A19103F-16F7-4668-BE54-9A1E7A4F7556}") = "GDHOTE.Hub.CommonServices", "GDHOTE.Hub.CommonServices\GDHOTE.Hub.CommonServices.csproj", "{5FF9FB4F-B3A3-4749-9A5B-E4BC4055831E}"
EndProject
Global
	GlobalSection(SolutionConfigurationPlatforms) = preSolution
		Debug|Any CPU = Debug|Any CPU
		Release|Any CPU = Release|Any CPU
	EndGlobalSection
	GlobalSection(ProjectConfigurationPlatforms) = postSolution
		{D1A04E17-20B5-434B-A176-6A78C9DF4E42}.Debug|Any CPU.ActiveCfg = Debug|Any CPU
		{D1A04E17-20B5-434B-A176-6A78C9DF4E42}.Debug|Any CPU.Build.0 = Debug|Any CPU
		{D1A04E17-20B5-434B-A176-6A78C9DF4E42}.Release|Any CPU.ActiveCfg = Debug|Any CPU
		{D1A04E17-20B5-434B-A176-6A78C9DF4E42}.Release|Any CPU.Build.0 = Debug|Any CPU
		{EA856649-4FF0-4482-8F10-619E6E28402B}.Debug|Any CPU.ActiveCfg = Debug|Any CPU
		{EA856649-4FF0-4482-8F10-619E6E28402B}.Debug|Any CPU.Build.0 = Debug|Any CPU
		{EA856649-4FF0-4482-8F10-619E6E28402B}.Release|Any CPU.ActiveCfg = Release|Any CPU
		{EA856649-4FF0-4482-8F10-619E6E28402B}.Release|Any CPU.Build.0 = Release|Any CPU
		{FB6352C1-30EC-4CC5-AAA4-6DCAFFCD6AA3}.Debug|Any CPU.ActiveCfg = Debug|Any CPU
		{FB6352C1-30EC-4CC5-AAA4-6DCAFFCD6AA3}.Debug|Any CPU.Build.0 = Debug|Any CPU
		{FB6352C1-30EC-4CC5-AAA4-6DCAFFCD6AA3}.Release|Any CPU.ActiveCfg = Release|Any CPU
		{FB6352C1-30EC-4CC5-AAA4-6DCAFFCD6AA3}.Release|Any CPU.Build.0 = Release|Any CPU
		{D3E1AE68-832F-42C5-BB57-6D0853FDC397}.Debug|Any CPU.ActiveCfg = Debug|Any CPU
		{D3E1AE68-832F-42C5-BB57-6D0853FDC397}.Debug|Any CPU.Build.0 = Debug|Any CPU
		{D3E1AE68-832F-42C5-BB57-6D0853FDC397}.Release|Any CPU.ActiveCfg = Release|Any CPU
		{D3E1AE68-832F-42C5-BB57-6D0853FDC397}.Release|Any CPU.Build.0 = Release|Any CPU
		{08BE01D7-211E-4C68-8636-8B4672338B50}.Debug|Any CPU.ActiveCfg = Debug|Any CPU
		{08BE01D7-211E-4C68-8636-8B4672338B50}.Debug|Any CPU.Build.0 = Debug|Any CPU
		{08BE01D7-211E-4C68-8636-8B4672338B50}.Release|Any CPU.ActiveCfg = Release|Any CPU
		{08BE01D7-211E-4C68-8636-8B4672338B50}.Release|Any CPU.Build.0 = Release|Any CPU
		{423294B0-35DD-4480-96B4-E297580F60F4}.Debug|Any CPU.ActiveCfg = Debug|Any CPU
		{423294B0-35DD-4480-96B4-E297580F60F4}.Debug|Any CPU.Build.0 = Debug|Any CPU
		{423294B0-35DD-4480-96B4-E297580F60F4}.Release|Any CPU.ActiveCfg = Release|Any CPU
		{423294B0-35DD-4480-96B4-E297580F60F4}.Release|Any CPU.Build.0 = Release|Any CPU
		{2BC01CC6-CC4A-4B15-8473-1D26DE4DEB37}.Debug|Any CPU.ActiveCfg = Debug|Any CPU
		{2BC01CC6-CC4A-4B15-8473-1D26DE4DEB37}.Debug|Any CPU.Build.0 = Debug|Any CPU
		{2BC01CC6-CC4A-4B15-8473-1D26DE4DEB37}.Release|Any CPU.ActiveCfg = Release|Any CPU
		{2BC01CC6-CC4A-4B15-8473-1D26DE4DEB37}.Release|Any CPU.Build.0 = Release|Any CPU
		{5FF9FB4F-B3A3-4749-9A5B-E4BC4055831E}.Debug|Any CPU.ActiveCfg = Debug|Any CPU
		{5FF9FB4F-B3A3-4749-9A5B-E4BC4055831E}.Debug|Any CPU.Build.0 = Debug|Any CPU
		{5FF9FB4F-B3A3-4749-9A5B-E4BC4055831E}.Release|Any CPU.ActiveCfg = Release|Any CPU
		{5FF9FB4F-B3A3-4749-9A5B-E4BC4055831E}.Release|Any CPU.Build.0 = Release|Any CPU
	EndGlobalSection
	GlobalSection(SolutionProperties) = preSolution
		HideSolutionNode = FALSE
	EndGlobalSection
	GlobalSection(ExtensibilityGlobals) = postSolution
		SolutionGuid = {F882874B-250C-4082-A6AE-884330845B67}
	EndGlobalSection
EndGlobal
